
Microsoft Visual Studio Solution File, Format Version 12.00
# Visual Studio 2017
Project("{FAE04EC0-301F-11D3-BF4B-00C04F79EFBC}") = "Main Menu - Copy", "Main Menu - Copy.csproj", "{9F2A5C9A-1DB2-1873-AD45-8B0211E75C87}"
EndProject
Global
	GlobalSection(SolutionConfigurationPlatforms) = preSolution
		Debug|Any CPU = Debug|Any CPU
		Release|Any CPU = Release|Any CPU
	EndGlobalSection
	GlobalSection(ProjectConfigurationPlatforms) = postSolution
		{9F2A5C9A-1DB2-1873-AD45-8B0211E75C87}.Debug|Any CPU.ActiveCfg = Debug|Any CPU
		{9F2A5C9A-1DB2-1873-AD45-8B0211E75C87}.Debug|Any CPU.Build.0 = Debug|Any CPU
		{9F2A5C9A-1DB2-1873-AD45-8B0211E75C87}.Release|Any CPU.ActiveCfg = Release|Any CPU
		{9F2A5C9A-1DB2-1873-AD45-8B0211E75C87}.Release|Any CPU.Build.0 = Release|Any CPU
	EndGlobalSection
	GlobalSection(SolutionProperties) = preSolution
		HideSolutionNode = FALSE
	EndGlobalSection
EndGlobal
